
Microsoft Visual Studio Solution File, Format Version 12.00
# Visual Studio Version 17
VisualStudioVersion = 17.5.002.0
MinimumVisualStudioVersion = 10.0.40219.1
Project("{2150E333-8FDC-42A3-9474-1A3956D46DE8}") = "src", "src", "{84A1A193-0A1D-4845-827E-C5A5F94193E9}"
EndProject
Project("{9A19103F-16F7-4668-BE54-9A1E7A4F7556}") = "rogue1980", "src\rogue1980\rogue1980.csproj", "{16607158-F429-4156-9289-E80150DC2A02}"
EndProject
Project("{9A19103F-16F7-4668-BE54-9A1E7A4F7556}") = "dotnet-curses", "src\dotnet-curses\dotnet-curses.csproj", "{DC5FE452-1047-4BD9-B149-84223908A210}"
EndProject
Global
	GlobalSection(SolutionConfigurationPlatforms) = preSolution
		Debug|Any CPU = Debug|Any CPU
		Release|Any CPU = Release|Any CPU
	EndGlobalSection
	GlobalSection(ProjectConfigurationPlatforms) = postSolution
		{16607158-F429-4156-9289-E80150DC2A02}.Debug|Any CPU.ActiveCfg = Debug|Any CPU
		{16607158-F429-4156-9289-E80150DC2A02}.Debug|Any CPU.Build.0 = Debug|Any CPU
		{16607158-F429-4156-9289-E80150DC2A02}.Release|Any CPU.ActiveCfg = Release|Any CPU
		{16607158-F429-4156-9289-E80150DC2A02}.Release|Any CPU.Build.0 = Release|Any CPU
		{DC5FE452-1047-4BD9-B149-84223908A210}.Debug|Any CPU.ActiveCfg = Debug|Any CPU
		{DC5FE452-1047-4BD9-B149-84223908A210}.Debug|Any CPU.Build.0 = Debug|Any CPU
		{DC5FE452-1047-4BD9-B149-84223908A210}.Release|Any CPU.ActiveCfg = Release|Any CPU
		{DC5FE452-1047-4BD9-B149-84223908A210}.Release|Any CPU.Build.0 = Release|Any CPU
	EndGlobalSection
	GlobalSection(SolutionProperties) = preSolution
		HideSolutionNode = FALSE
	EndGlobalSection
	GlobalSection(NestedProjects) = preSolution
		{16607158-F429-4156-9289-E80150DC2A02} = {84A1A193-0A1D-4845-827E-C5A5F94193E9}
		{DC5FE452-1047-4BD9-B149-84223908A210} = {84A1A193-0A1D-4845-827E-C5A5F94193E9}
	EndGlobalSection
	GlobalSection(ExtensibilityGlobals) = postSolution
		SolutionGuid = {14584D97-F29A-43D3-ACEE-B86099D9EB01}
	EndGlobalSection
EndGlobal
